
Microsoft Visual Studio Solution File, Format Version 12.00
# Visual Studio Version 16
VisualStudioVersion = 16.0.29306.81
MinimumVisualStudioVersion = 10.0.40219.1
Project("{FAE04EC0-301F-11D3-BF4B-00C04F79EFBC}") = "ExchangeDB", "ExchangeDB\ExchangeDB.csproj", "{746D2FC6-34ED-4DC6-81CD-1F6B14E6A910}"
EndProject
Global
	GlobalSection(SolutionConfigurationPlatforms) = preSolution
		Debug|Any CPU = Debug|Any CPU
		Release|Any CPU = Release|Any CPU
	EndGlobalSection
	GlobalSection(ProjectConfigurationPlatforms) = postSolution
		{746D2FC6-34ED-4DC6-81CD-1F6B14E6A910}.Debug|Any CPU.ActiveCfg = Debug|Any CPU
		{746D2FC6-34ED-4DC6-81CD-1F6B14E6A910}.Debug|Any CPU.Build.0 = Debug|Any CPU
		{746D2FC6-34ED-4DC6-81CD-1F6B14E6A910}.Release|Any CPU.ActiveCfg = Release|Any CPU
		{746D2FC6-34ED-4DC6-81CD-1F6B14E6A910}.Release|Any CPU.Build.0 = Release|Any CPU
	EndGlobalSection
	GlobalSection(SolutionProperties) = preSolution
		HideSolutionNode = FALSE
	EndGlobalSection
	GlobalSection(ExtensibilityGlobals) = postSolution
		SolutionGuid = {AB1D523C-5E2E-4A49-AC94-E38751AAE373}
	EndGlobalSection
EndGlobal
